// !$*UTF8*$!
{
	archiveVersion = 1;
	classes = {
	};
	objectVersion = 56;
	objects = {

/* Begin PBXBuildFile section */
		E50DCEA2290E62AE002358D3 /* Autolayout+Extensions.swift in Sources */ = {isa = PBXBuildFile; fileRef = E50DCEA1290E62AE002358D3 /* Autolayout+Extensions.swift */; };
		E5668F8A28FC4E2F00DECA54 /* AppDelegate.swift in Sources */ = {isa = PBXBuildFile; fileRef = E5668F8928FC4E2F00DECA54 /* AppDelegate.swift */; };
		E5668F8C28FC4E2F00DECA54 /* SceneDelegate.swift in Sources */ = {isa = PBXBuildFile; fileRef = E5668F8B28FC4E2F00DECA54 /* SceneDelegate.swift */; };
		E5668F9328FC4E3000DECA54 /* Assets.xcassets in Resources */ = {isa = PBXBuildFile; fileRef = E5668F9228FC4E3000DECA54 /* Assets.xcassets */; };
		E5668F9628FC4E3000DECA54 /* LaunchScreen.storyboard in Resources */ = {isa = PBXBuildFile; fileRef = E5668F9428FC4E3000DECA54 /* LaunchScreen.storyboard */; };
		E5668FA128FC4E3100DECA54 /* VIPExampleTests.swift in Sources */ = {isa = PBXBuildFile; fileRef = E5668FA028FC4E3100DECA54 /* VIPExampleTests.swift */; };
		E5668FBD28FC4EB900DECA54 /* ExampleModels.swift in Sources */ = {isa = PBXBuildFile; fileRef = E5668FBC28FC4EB900DECA54 /* ExampleModels.swift */; };
		E5668FC028FC4EE500DECA54 /* ExampleViewController.swift in Sources */ = {isa = PBXBuildFile; fileRef = E5668FBF28FC4EE500DECA54 /* ExampleViewController.swift */; };
		E5668FC228FC4F3500DECA54 /* ExampleInteractor.swift in Sources */ = {isa = PBXBuildFile; fileRef = E5668FC128FC4F3500DECA54 /* ExampleInteractor.swift */; };
		E5668FC428FC4F4800DECA54 /* ExamplePresenter.swift in Sources */ = {isa = PBXBuildFile; fileRef = E5668FC328FC4F4800DECA54 /* ExamplePresenter.swift */; };
		E5668FC728FC4F8800DECA54 /* GetExampleItemsWorker.swift in Sources */ = {isa = PBXBuildFile; fileRef = E5668FC628FC4F8800DECA54 /* GetExampleItemsWorker.swift */; };
		E5668FD128FC55DA00DECA54 /* ViewCode.swift in Sources */ = {isa = PBXBuildFile; fileRef = E5668FCE28FC55DA00DECA54 /* ViewCode.swift */; };
		E5668FD228FC55DA00DECA54 /* Metrics.swift in Sources */ = {isa = PBXBuildFile; fileRef = E5668FCF28FC55DA00DECA54 /* Metrics.swift */; };
		E5668FD828FC564E00DECA54 /* UITableViewExtension.swift in Sources */ = {isa = PBXBuildFile; fileRef = E5668FD528FC564E00DECA54 /* UITableViewExtension.swift */; };
		E5668FDA28FC564E00DECA54 /* NSObject+ClassName.swift in Sources */ = {isa = PBXBuildFile; fileRef = E5668FD728FC564E00DECA54 /* NSObject+ClassName.swift */; };
		E5668FE028FC5AE600DECA54 /* ItemEntity.swift in Sources */ = {isa = PBXBuildFile; fileRef = E5668FDF28FC5AE600DECA54 /* ItemEntity.swift */; };
		E5668FE328FC5B6B00DECA54 /* ExampleItemTableViewCell.swift in Sources */ = {isa = PBXBuildFile; fileRef = E5668FE128FC5B6B00DECA54 /* ExampleItemTableViewCell.swift */; };
		E5668FE628FC5D6900DECA54 /* ItemsService.swift in Sources */ = {isa = PBXBuildFile; fileRef = E5668FE528FC5D6900DECA54 /* ItemsService.swift */; };
		E5668FE828FC5EE700DECA54 /* ViewModelConfigurable.swift in Sources */ = {isa = PBXBuildFile; fileRef = E5668FE728FC5EE700DECA54 /* ViewModelConfigurable.swift */; };
/* End PBXBuildFile section */

/* Begin PBXContainerItemProxy section */
		E5668F9D28FC4E3100DECA54 /* PBXContainerItemProxy */ = {
			isa = PBXContainerItemProxy;
			containerPortal = E5668F7E28FC4E2F00DECA54 /* Project object */;
			proxyType = 1;
			remoteGlobalIDString = E5668F8528FC4E2F00DECA54;
			remoteInfo = VIPExample;
		};
/* End PBXContainerItemProxy section */

/* Begin PBXFileReference section */
		E50DCEA1290E62AE002358D3 /* Autolayout+Extensions.swift */ = {isa = PBXFileReference; lastKnownFileType = sourcecode.swift; path = "Autolayout+Extensions.swift"; sourceTree = "<group>"; };
		E5668F8628FC4E2F00DECA54 /* VIPExample.app */ = {isa = PBXFileReference; explicitFileType = wrapper.application; includeInIndex = 0; path = VIPExample.app; sourceTree = BUILT_PRODUCTS_DIR; };
		E5668F8928FC4E2F00DECA54 /* AppDelegate.swift */ = {isa = PBXFileReference; lastKnownFileType = sourcecode.swift; path = AppDelegate.swift; sourceTree = "<group>"; };
		E5668F8B28FC4E2F00DECA54 /* SceneDelegate.swift */ = {isa = PBXFileReference; lastKnownFileType = sourcecode.swift; path = SceneDelegate.swift; sourceTree = "<group>"; };
		E5668F9228FC4E3000DECA54 /* Assets.xcassets */ = {isa = PBXFileReference; lastKnownFileType = folder.assetcatalog; path = Assets.xcassets; sourceTree = "<group>"; };
		E5668F9528FC4E3000DECA54 /* Base */ = {isa = PBXFileReference; lastKnownFileType = file.storyboard; name = Base; path = Base.lproj/LaunchScreen.storyboard; sourceTree = "<group>"; };
		E5668F9728FC4E3000DECA54 /* Info.plist */ = {isa = PBXFileReference; lastKnownFileType = text.plist.xml; path = Info.plist; sourceTree = "<group>"; };
		E5668F9C28FC4E3100DECA54 /* VIPExampleTests.xctest */ = {isa = PBXFileReference; explicitFileType = wrapper.cfbundle; includeInIndex = 0; path = VIPExampleTests.xctest; sourceTree = BUILT_PRODUCTS_DIR; };
		E5668FA028FC4E3100DECA54 /* VIPExampleTests.swift */ = {isa = PBXFileReference; lastKnownFileType = sourcecode.swift; path = VIPExampleTests.swift; sourceTree = "<group>"; };
		E5668FBC28FC4EB900DECA54 /* ExampleModels.swift */ = {isa = PBXFileReference; lastKnownFileType = sourcecode.swift; path = ExampleModels.swift; sourceTree = "<group>"; };
		E5668FBF28FC4EE500DECA54 /* ExampleViewController.swift */ = {isa = PBXFileReference; lastKnownFileType = sourcecode.swift; path = ExampleViewController.swift; sourceTree = "<group>"; };
		E5668FC128FC4F3500DECA54 /* ExampleInteractor.swift */ = {isa = PBXFileReference; lastKnownFileType = sourcecode.swift; path = ExampleInteractor.swift; sourceTree = "<group>"; };
		E5668FC328FC4F4800DECA54 /* ExamplePresenter.swift */ = {isa = PBXFileReference; lastKnownFileType = sourcecode.swift; path = ExamplePresenter.swift; sourceTree = "<group>"; };
		E5668FC628FC4F8800DECA54 /* GetExampleItemsWorker.swift */ = {isa = PBXFileReference; lastKnownFileType = sourcecode.swift; path = GetExampleItemsWorker.swift; sourceTree = "<group>"; };
		E5668FCE28FC55DA00DECA54 /* ViewCode.swift */ = {isa = PBXFileReference; fileEncoding = 4; lastKnownFileType = sourcecode.swift; path = ViewCode.swift; sourceTree = "<group>"; };
		E5668FCF28FC55DA00DECA54 /* Metrics.swift */ = {isa = PBXFileReference; fileEncoding = 4; lastKnownFileType = sourcecode.swift; path = Metrics.swift; sourceTree = "<group>"; };
		E5668FD528FC564E00DECA54 /* UITableViewExtension.swift */ = {isa = PBXFileReference; fileEncoding = 4; lastKnownFileType = sourcecode.swift; path = UITableViewExtension.swift; sourceTree = "<group>"; };
		E5668FD728FC564E00DECA54 /* NSObject+ClassName.swift */ = {isa = PBXFileReference; fileEncoding = 4; lastKnownFileType = sourcecode.swift; path = "NSObject+ClassName.swift"; sourceTree = "<group>"; };
		E5668FDF28FC5AE600DECA54 /* ItemEntity.swift */ = {isa = PBXFileReference; fileEncoding = 4; lastKnownFileType = sourcecode.swift; path = ItemEntity.swift; sourceTree = "<group>"; };
		E5668FE128FC5B6B00DECA54 /* ExampleItemTableViewCell.swift */ = {isa = PBXFileReference; fileEncoding = 4; lastKnownFileType = sourcecode.swift; path = ExampleItemTableViewCell.swift; sourceTree = "<group>"; };
		E5668FE528FC5D6900DECA54 /* ItemsService.swift */ = {isa = PBXFileReference; fileEncoding = 4; lastKnownFileType = sourcecode.swift; path = ItemsService.swift; sourceTree = "<group>"; };
		E5668FE728FC5EE700DECA54 /* ViewModelConfigurable.swift */ = {isa = PBXFileReference; fileEncoding = 4; lastKnownFileType = sourcecode.swift; path = ViewModelConfigurable.swift; sourceTree = "<group>"; };
/* End PBXFileReference section */

/* Begin PBXFrameworksBuildPhase section */
		E5668F8328FC4E2F00DECA54 /* Frameworks */ = {
			isa = PBXFrameworksBuildPhase;
			buildActionMask = 2147483647;
			files = (
			);
			runOnlyForDeploymentPostprocessing = 0;
		};
		E5668F9928FC4E3100DECA54 /* Frameworks */ = {
			isa = PBXFrameworksBuildPhase;
			buildActionMask = 2147483647;
			files = (
			);
			runOnlyForDeploymentPostprocessing = 0;
		};
/* End PBXFrameworksBuildPhase section */

/* Begin PBXGroup section */
		E5668F7D28FC4E2F00DECA54 = {
			isa = PBXGroup;
			children = (
				E5668F8828FC4E2F00DECA54 /* VIPExample */,
				E5668F9F28FC4E3100DECA54 /* VIPExampleTests */,
				E5668F8728FC4E2F00DECA54 /* Products */,
			);
			sourceTree = "<group>";
		};
		E5668F8728FC4E2F00DECA54 /* Products */ = {
			isa = PBXGroup;
			children = (
				E5668F8628FC4E2F00DECA54 /* VIPExample.app */,
				E5668F9C28FC4E3100DECA54 /* VIPExampleTests.xctest */,
			);
			name = Products;
			sourceTree = "<group>";
		};
		E5668F8828FC4E2F00DECA54 /* VIPExample */ = {
			isa = PBXGroup;
			children = (
				E5668FDD28FC5A0800DECA54 /* Application */,
				E5668FDC28FC59FF00DECA54 /* Scenes */,
				E5668FDB28FC594D00DECA54 /* Services */,
				E5668FC828FC54DF00DECA54 /* Util */,
				E5668F9228FC4E3000DECA54 /* Assets.xcassets */,
				E5668F9428FC4E3000DECA54 /* LaunchScreen.storyboard */,
				E5668F9728FC4E3000DECA54 /* Info.plist */,
			);
			path = VIPExample;
			sourceTree = "<group>";
		};
		E5668F9F28FC4E3100DECA54 /* VIPExampleTests */ = {
			isa = PBXGroup;
			children = (
				E5668FA028FC4E3100DECA54 /* VIPExampleTests.swift */,
			);
			path = VIPExampleTests;
			sourceTree = "<group>";
		};
		E5668FB928FC4E9300DECA54 /* ExampleScene */ = {
			isa = PBXGroup;
			children = (
				E5668FC528FC4F7300DECA54 /* Workers */,
				E5668FBE28FC4ED300DECA54 /* Cells */,
				E5668FBC28FC4EB900DECA54 /* ExampleModels.swift */,
				E5668FBF28FC4EE500DECA54 /* ExampleViewController.swift */,
				E5668FC128FC4F3500DECA54 /* ExampleInteractor.swift */,
				E5668FC328FC4F4800DECA54 /* ExamplePresenter.swift */,
			);
			path = ExampleScene;
			sourceTree = "<group>";
		};
		E5668FBE28FC4ED300DECA54 /* Cells */ = {
			isa = PBXGroup;
			children = (
				E5668FE128FC5B6B00DECA54 /* ExampleItemTableViewCell.swift */,
			);
			path = Cells;
			sourceTree = "<group>";
		};
		E5668FC528FC4F7300DECA54 /* Workers */ = {
			isa = PBXGroup;
			children = (
				E5668FC628FC4F8800DECA54 /* GetExampleItemsWorker.swift */,
			);
			path = Workers;
			sourceTree = "<group>";
		};
		E5668FC828FC54DF00DECA54 /* Util */ = {
			isa = PBXGroup;
			children = (
				E5668FD428FC564200DECA54 /* Extensions */,
				E5668FC928FC554600DECA54 /* UI */,
			);
			path = Util;
			sourceTree = "<group>";
		};
		E5668FC928FC554600DECA54 /* UI */ = {
			isa = PBXGroup;
			children = (
				E5668FE728FC5EE700DECA54 /* ViewModelConfigurable.swift */,
				E5668FCF28FC55DA00DECA54 /* Metrics.swift */,
				E5668FCE28FC55DA00DECA54 /* ViewCode.swift */,
			);
			path = UI;
			sourceTree = "<group>";
		};
		E5668FD428FC564200DECA54 /* Extensions */ = {
			isa = PBXGroup;
			children = (
				E5668FD728FC564E00DECA54 /* NSObject+ClassName.swift */,
				E5668FD528FC564E00DECA54 /* UITableViewExtension.swift */,
				E50DCEA1290E62AE002358D3 /* Autolayout+Extensions.swift */,
			);
			path = Extensions;
			sourceTree = "<group>";
		};
		E5668FDB28FC594D00DECA54 /* Services */ = {
			isa = PBXGroup;
			children = (
				E5668FE528FC5D6900DECA54 /* ItemsService.swift */,
				E5668FDE28FC5AD800DECA54 /* Models */,
			);
			path = Services;
			sourceTree = "<group>";
		};
		E5668FDC28FC59FF00DECA54 /* Scenes */ = {
			isa = PBXGroup;
			children = (
				E5668FB928FC4E9300DECA54 /* ExampleScene */,
			);
			path = Scenes;
			sourceTree = "<group>";
		};
		E5668FDD28FC5A0800DECA54 /* Application */ = {
			isa = PBXGroup;
			children = (
				E5668F8928FC4E2F00DECA54 /* AppDelegate.swift */,
				E5668F8B28FC4E2F00DECA54 /* SceneDelegate.swift */,
			);
			path = Application;
			sourceTree = "<group>";
		};
		E5668FDE28FC5AD800DECA54 /* Models */ = {
			isa = PBXGroup;
			children = (
				E5668FDF28FC5AE600DECA54 /* ItemEntity.swift */,
			);
			path = Models;
			sourceTree = "<group>";
		};
/* End PBXGroup section */

/* Begin PBXNativeTarget section */
		E5668F8528FC4E2F00DECA54 /* VIPExample */ = {
			isa = PBXNativeTarget;
			buildConfigurationList = E5668FB028FC4E3100DECA54 /* Build configuration list for PBXNativeTarget "VIPExample" */;
			buildPhases = (
				E5668F8228FC4E2F00DECA54 /* Sources */,
				E5668F8328FC4E2F00DECA54 /* Frameworks */,
				E5668F8428FC4E2F00DECA54 /* Resources */,
			);
			buildRules = (
			);
			dependencies = (
			);
			name = VIPExample;
			productName = VIPExample;
			productReference = E5668F8628FC4E2F00DECA54 /* VIPExample.app */;
			productType = "com.apple.product-type.application";
		};
		E5668F9B28FC4E3100DECA54 /* VIPExampleTests */ = {
			isa = PBXNativeTarget;
			buildConfigurationList = E5668FB328FC4E3100DECA54 /* Build configuration list for PBXNativeTarget "VIPExampleTests" */;
			buildPhases = (
				E5668F9828FC4E3100DECA54 /* Sources */,
				E5668F9928FC4E3100DECA54 /* Frameworks */,
				E5668F9A28FC4E3100DECA54 /* Resources */,
			);
			buildRules = (
			);
			dependencies = (
				E5668F9E28FC4E3100DECA54 /* PBXTargetDependency */,
			);
			name = VIPExampleTests;
			productName = VIPExampleTests;
			productReference = E5668F9C28FC4E3100DECA54 /* VIPExampleTests.xctest */;
			productType = "com.apple.product-type.bundle.unit-test";
		};
/* End PBXNativeTarget section */

/* Begin PBXProject section */
		E5668F7E28FC4E2F00DECA54 /* Project object */ = {
			isa = PBXProject;
			attributes = {
				BuildIndependentTargetsInParallel = 1;
				LastSwiftUpdateCheck = 1400;
				LastUpgradeCheck = 1400;
				TargetAttributes = {
					E5668F8528FC4E2F00DECA54 = {
						CreatedOnToolsVersion = 14.0.1;
					};
					E5668F9B28FC4E3100DECA54 = {
						CreatedOnToolsVersion = 14.0.1;
						TestTargetID = E5668F8528FC4E2F00DECA54;
					};
				};
			};
			buildConfigurationList = E5668F8128FC4E2F00DECA54 /* Build configuration list for PBXProject "VIPExample" */;
			compatibilityVersion = "Xcode 14.0";
			developmentRegion = en;
			hasScannedForEncodings = 0;
			knownRegions = (
				en,
				Base,
			);
			mainGroup = E5668F7D28FC4E2F00DECA54;
			productRefGroup = E5668F8728FC4E2F00DECA54 /* Products */;
			projectDirPath = "";
			projectRoot = "";
			targets = (
				E5668F8528FC4E2F00DECA54 /* VIPExample */,
				E5668F9B28FC4E3100DECA54 /* VIPExampleTests */,
			);
		};
/* End PBXProject section */

/* Begin PBXResourcesBuildPhase section */
		E5668F8428FC4E2F00DECA54 /* Resources */ = {
			isa = PBXResourcesBuildPhase;
			buildActionMask = 2147483647;
			files = (
				E5668F9628FC4E3000DECA54 /* LaunchScreen.storyboard in Resources */,
				E5668F9328FC4E3000DECA54 /* Assets.xcassets in Resources */,
			);
			runOnlyForDeploymentPostprocessing = 0;
		};
		E5668F9A28FC4E3100DECA54 /* Resources */ = {
			isa = PBXResourcesBuildPhase;
			buildActionMask = 2147483647;
			files = (
			);
			runOnlyForDeploymentPostprocessing = 0;
		};
/* End PBXResourcesBuildPhase section */

/* Begin PBXSourcesBuildPhase section */
		E5668F8228FC4E2F00DECA54 /* Sources */ = {
			isa = PBXSourcesBuildPhase;
			buildActionMask = 2147483647;
			files = (
				E5668F8A28FC4E2F00DECA54 /* AppDelegate.swift in Sources */,
				E5668FD128FC55DA00DECA54 /* ViewCode.swift in Sources */,
				E5668FD228FC55DA00DECA54 /* Metrics.swift in Sources */,
				E50DCEA2290E62AE002358D3 /* Autolayout+Extensions.swift in Sources */,
				E5668FC228FC4F3500DECA54 /* ExampleInteractor.swift in Sources */,
				E5668FC028FC4EE500DECA54 /* ExampleViewController.swift in Sources */,
				E5668FE628FC5D6900DECA54 /* ItemsService.swift in Sources */,
				E5668FE328FC5B6B00DECA54 /* ExampleItemTableViewCell.swift in Sources */,
				E5668FE028FC5AE600DECA54 /* ItemEntity.swift in Sources */,
				E5668FE828FC5EE700DECA54 /* ViewModelConfigurable.swift in Sources */,
				E5668FDA28FC564E00DECA54 /* NSObject+ClassName.swift in Sources */,
				E5668FD828FC564E00DECA54 /* UITableViewExtension.swift in Sources */,
				E5668FC728FC4F8800DECA54 /* GetExampleItemsWorker.swift in Sources */,
				E5668F8C28FC4E2F00DECA54 /* SceneDelegate.swift in Sources */,
				E5668FC428FC4F4800DECA54 /* ExamplePresenter.swift in Sources */,
				E5668FBD28FC4EB900DECA54 /* ExampleModels.swift in Sources */,
			);
			runOnlyForDeploymentPostprocessing = 0;
		};
		E5668F9828FC4E3100DECA54 /* Sources */ = {
			isa = PBXSourcesBuildPhase;
			buildActionMask = 2147483647;
			files = (
				E5668FA128FC4E3100DECA54 /* VIPExampleTests.swift in Sources */,
			);
			runOnlyForDeploymentPostprocessing = 0;
		};
/* End PBXSourcesBuildPhase section */

/* Begin PBXTargetDependency section */
		E5668F9E28FC4E3100DECA54 /* PBXTargetDependency */ = {
			isa = PBXTargetDependency;
			target = E5668F8528FC4E2F00DECA54 /* VIPExample */;
			targetProxy = E5668F9D28FC4E3100DECA54 /* PBXContainerItemProxy */;
		};
/* End PBXTargetDependency section */

/* Begin PBXVariantGroup section */
		E5668F9428FC4E3000DECA54 /* LaunchScreen.storyboard */ = {
			isa = PBXVariantGroup;
			children = (
				E5668F9528FC4E3000DECA54 /* Base */,
			);
			name = LaunchScreen.storyboard;
			sourceTree = "<group>";
		};
/* End PBXVariantGroup section */

/* Begin XCBuildConfiguration section */
		E5668FAE28FC4E3100DECA54 /* Debug */ = {
			isa = XCBuildConfiguration;
			buildSettings = {
				ALWAYS_SEARCH_USER_PATHS = NO;
				CLANG_ANALYZER_NONNULL = YES;
				CLANG_ANALYZER_NUMBER_OBJECT_CONVERSION = YES_AGGRESSIVE;
				CLANG_CXX_LANGUAGE_STANDARD = "gnu++20";
				CLANG_ENABLE_MODULES = YES;
				CLANG_ENABLE_OBJC_ARC = YES;
				CLANG_ENABLE_OBJC_WEAK = YES;
				CLANG_WARN_BLOCK_CAPTURE_AUTORELEASING = YES;
				CLANG_WARN_BOOL_CONVERSION = YES;
				CLANG_WARN_COMMA = YES;
				CLANG_WARN_CONSTANT_CONVERSION = YES;
				CLANG_WARN_DEPRECATED_OBJC_IMPLEMENTATIONS = YES;
				CLANG_WARN_DIRECT_OBJC_ISA_USAGE = YES_ERROR;
				CLANG_WARN_DOCUMENTATION_COMMENTS = YES;
				CLANG_WARN_EMPTY_BODY = YES;
				CLANG_WARN_ENUM_CONVERSION = YES;
				CLANG_WARN_INFINITE_RECURSION = YES;
				CLANG_WARN_INT_CONVERSION = YES;
				CLANG_WARN_NON_LITERAL_NULL_CONVERSION = YES;
				CLANG_WARN_OBJC_IMPLICIT_RETAIN_SELF = YES;
				CLANG_WARN_OBJC_LITERAL_CONVERSION = YES;
				CLANG_WARN_OBJC_ROOT_CLASS = YES_ERROR;
				CLANG_WARN_QUOTED_INCLUDE_IN_FRAMEWORK_HEADER = YES;
				CLANG_WARN_RANGE_LOOP_ANALYSIS = YES;
				CLANG_WARN_STRICT_PROTOTYPES = YES;
				CLANG_WARN_SUSPICIOUS_MOVE = YES;
				CLANG_WARN_UNGUARDED_AVAILABILITY = YES_AGGRESSIVE;
				CLANG_WARN_UNREACHABLE_CODE = YES;
				CLANG_WARN__DUPLICATE_METHOD_MATCH = YES;
				COPY_PHASE_STRIP = NO;
				DEBUG_INFORMATION_FORMAT = dwarf;
				ENABLE_STRICT_OBJC_MSGSEND = YES;
				ENABLE_TESTABILITY = YES;
				GCC_C_LANGUAGE_STANDARD = gnu11;
				GCC_DYNAMIC_NO_PIC = NO;
				GCC_NO_COMMON_BLOCKS = YES;
				GCC_OPTIMIZATION_LEVEL = 0;
				GCC_PREPROCESSOR_DEFINITIONS = (
					"DEBUG=1",
					"$(inherited)",
				);
				GCC_WARN_64_TO_32_BIT_CONVERSION = YES;
				GCC_WARN_ABOUT_RETURN_TYPE = YES_ERROR;
				GCC_WARN_UNDECLARED_SELECTOR = YES;
				GCC_WARN_UNINITIALIZED_AUTOS = YES_AGGRESSIVE;
				GCC_WARN_UNUSED_FUNCTION = YES;
				GCC_WARN_UNUSED_VARIABLE = YES;
				IPHONEOS_DEPLOYMENT_TARGET = 16.0;
				MTL_ENABLE_DEBUG_INFO = INCLUDE_SOURCE;
				MTL_FAST_MATH = YES;
				ONLY_ACTIVE_ARCH = YES;
				SDKROOT = iphoneos;
				SWIFT_ACTIVE_COMPILATION_CONDITIONS = DEBUG;
				SWIFT_OPTIMIZATION_LEVEL = "-Onone";
			};
			name = Debug;
		};
		E5668FAF28FC4E3100DECA54 /* Release */ = {
			isa = XCBuildConfiguration;
			buildSettings = {
				ALWAYS_SEARCH_USER_PATHS = NO;
				CLANG_ANALYZER_NONNULL = YES;
				CLANG_ANALYZER_NUMBER_OBJECT_CONVERSION = YES_AGGRESSIVE;
				CLANG_CXX_LANGUAGE_STANDARD = "gnu++20";
				CLANG_ENABLE_MODULES = YES;
				CLANG_ENABLE_OBJC_ARC = YES;
				CLANG_ENABLE_OBJC_WEAK = YES;
				CLANG_WARN_BLOCK_CAPTURE_AUTORELEASING = YES;
				CLANG_WARN_BOOL_CONVERSION = YES;
				CLANG_WARN_COMMA = YES;
				CLANG_WARN_CONSTANT_CONVERSION = YES;
				CLANG_WARN_DEPRECATED_OBJC_IMPLEMENTATIONS = YES;
				CLANG_WARN_DIRECT_OBJC_ISA_USAGE = YES_ERROR;
				CLANG_WARN_DOCUMENTATION_COMMENTS = YES;
				CLANG_WARN_EMPTY_BODY = YES;
				CLANG_WARN_ENUM_CONVERSION = YES;
				CLANG_WARN_INFINITE_RECURSION = YES;
				CLANG_WARN_INT_CONVERSION = YES;
				CLANG_WARN_NON_LITERAL_NULL_CONVERSION = YES;
				CLANG_WARN_OBJC_IMPLICIT_RETAIN_SELF = YES;
				CLANG_WARN_OBJC_LITERAL_CONVERSION = YES;
				CLANG_WARN_OBJC_ROOT_CLASS = YES_ERROR;
				CLANG_WARN_QUOTED_INCLUDE_IN_FRAMEWORK_HEADER = YES;
				CLANG_WARN_RANGE_LOOP_ANALYSIS = YES;
				CLANG_WARN_STRICT_PROTOTYPES = YES;
				CLANG_WARN_SUSPICIOUS_MOVE = YES;
				CLANG_WARN_UNGUARDED_AVAILABILITY = YES_AGGRESSIVE;
				CLANG_WARN_UNREACHABLE_CODE = YES;
				CLANG_WARN__DUPLICATE_METHOD_MATCH = YES;
				COPY_PHASE_STRIP = NO;
				DEBUG_INFORMATION_FORMAT = "dwarf-with-dsym";
				ENABLE_NS_ASSERTIONS = NO;
				ENABLE_STRICT_OBJC_MSGSEND = YES;
				GCC_C_LANGUAGE_STANDARD = gnu11;
				GCC_NO_COMMON_BLOCKS = YES;
				GCC_WARN_64_TO_32_BIT_CONVERSION = YES;
				GCC_WARN_ABOUT_RETURN_TYPE = YES_ERROR;
				GCC_WARN_UNDECLARED_SELECTOR = YES;
				GCC_WARN_UNINITIALIZED_AUTOS = YES_AGGRESSIVE;
				GCC_WARN_UNUSED_FUNCTION = YES;
				GCC_WARN_UNUSED_VARIABLE = YES;
				IPHONEOS_DEPLOYMENT_TARGET = 16.0;
				MTL_ENABLE_DEBUG_INFO = NO;
				MTL_FAST_MATH = YES;
				SDKROOT = iphoneos;
				SWIFT_COMPILATION_MODE = wholemodule;
				SWIFT_OPTIMIZATION_LEVEL = "-O";
				VALIDATE_PRODUCT = YES;
			};
			name = Release;
		};
		E5668FB128FC4E3100DECA54 /* Debug */ = {
			isa = XCBuildConfiguration;
			buildSettings = {
				ASSETCATALOG_COMPILER_APPICON_NAME = AppIcon;
				ASSETCATALOG_COMPILER_GLOBAL_ACCENT_COLOR_NAME = AccentColor;
				CODE_SIGN_STYLE = Automatic;
				CURRENT_PROJECT_VERSION = 1;
				DEVELOPMENT_TEAM = YKYJK8YBGT;
				GENERATE_INFOPLIST_FILE = YES;
				INFOPLIST_FILE = VIPExample/Info.plist;
				INFOPLIST_KEY_UIApplicationSupportsIndirectInputEvents = YES;
				INFOPLIST_KEY_UILaunchStoryboardName = LaunchScreen.storyboard;
				INFOPLIST_KEY_UISupportedInterfaceOrientations = UIInterfaceOrientationPortrait;
				LD_RUNPATH_SEARCH_PATHS = (
					"$(inherited)",
					"@executable_path/Frameworks",
				);
				MARKETING_VERSION = 1.0;
				PRODUCT_BUNDLE_IDENTIFIER = com.bocato.VIPExample;
				PRODUCT_NAME = "$(TARGET_NAME)";
				SUPPORTED_PLATFORMS = "iphoneos iphonesimulator";
				SUPPORTS_MACCATALYST = NO;
				SUPPORTS_MAC_DESIGNED_FOR_IPHONE_IPAD = NO;
				SWIFT_EMIT_LOC_STRINGS = YES;
				SWIFT_VERSION = 5.0;
				TARGETED_DEVICE_FAMILY = 1;
			};
			name = Debug;
		};
		E5668FB228FC4E3100DECA54 /* Release */ = {
			isa = XCBuildConfiguration;
			buildSettings = {
				ASSETCATALOG_COMPILER_APPICON_NAME = AppIcon;
				ASSETCATALOG_COMPILER_GLOBAL_ACCENT_COLOR_NAME = AccentColor;
				CODE_SIGN_STYLE = Automatic;
				CURRENT_PROJECT_VERSION = 1;
				DEVELOPMENT_TEAM = YKYJK8YBGT;
				GENERATE_INFOPLIST_FILE = YES;
				INFOPLIST_FILE = VIPExample/Info.plist;
				INFOPLIST_KEY_UIApplicationSupportsIndirectInputEvents = YES;
				INFOPLIST_KEY_UILaunchStoryboardName = LaunchScreen.storyboard;
				INFOPLIST_KEY_UISupportedInterfaceOrientations = UIInterfaceOrientationPortrait;
				LD_RUNPATH_SEARCH_PATHS = (
					"$(inherited)",
					"@executable_path/Frameworks",
				);
				MARKETING_VERSION = 1.0;
				PRODUCT_BUNDLE_IDENTIFIER = com.bocato.VIPExample;
				PRODUCT_NAME = "$(TARGET_NAME)";
				SUPPORTED_PLATFORMS = "iphoneos iphonesimulator";
				SUPPORTS_MACCATALYST = NO;
				SUPPORTS_MAC_DESIGNED_FOR_IPHONE_IPAD = NO;
				SWIFT_EMIT_LOC_STRINGS = YES;
				SWIFT_VERSION = 5.0;
				TARGETED_DEVICE_FAMILY = 1;
			};
			name = Release;
		};
		E5668FB428FC4E3100DECA54 /* Debug */ = {
			isa = XCBuildConfiguration;
			buildSettings = {
				ALWAYS_EMBED_SWIFT_STANDARD_LIBRARIES = YES;
				BUNDLE_LOADER = "$(TEST_HOST)";
				CODE_SIGN_STYLE = Automatic;
				CURRENT_PROJECT_VERSION = 1;
				DEVELOPMENT_TEAM = YKYJK8YBGT;
				GENERATE_INFOPLIST_FILE = YES;
				IPHONEOS_DEPLOYMENT_TARGET = 16.0;
				MARKETING_VERSION = 1.0;
				PRODUCT_BUNDLE_IDENTIFIER = com.bocato.VIPExampleTests;
				PRODUCT_NAME = "$(TARGET_NAME)";
				SWIFT_EMIT_LOC_STRINGS = NO;
				SWIFT_VERSION = 5.0;
				TARGETED_DEVICE_FAMILY = "1,2";
				TEST_HOST = "$(BUILT_PRODUCTS_DIR)/VIPExample.app/$(BUNDLE_EXECUTABLE_FOLDER_PATH)/VIPExample";
			};
			name = Debug;
		};
		E5668FB528FC4E3100DECA54 /* Release */ = {
			isa = XCBuildConfiguration;
			buildSettings = {
				ALWAYS_EMBED_SWIFT_STANDARD_LIBRARIES = YES;
				BUNDLE_LOADER = "$(TEST_HOST)";
				CODE_SIGN_STYLE = Automatic;
				CURRENT_PROJECT_VERSION = 1;
				DEVELOPMENT_TEAM = YKYJK8YBGT;
				GENERATE_INFOPLIST_FILE = YES;
				IPHONEOS_DEPLOYMENT_TARGET = 16.0;
				MARKETING_VERSION = 1.0;
				PRODUCT_BUNDLE_IDENTIFIER = com.bocato.VIPExampleTests;
				PRODUCT_NAME = "$(TARGET_NAME)";
				SWIFT_EMIT_LOC_STRINGS = NO;
				SWIFT_VERSION = 5.0;
				TARGETED_DEVICE_FAMILY = "1,2";
				TEST_HOST = "$(BUILT_PRODUCTS_DIR)/VIPExample.app/$(BUNDLE_EXECUTABLE_FOLDER_PATH)/VIPExample";
			};
			name = Release;
		};
/* End XCBuildConfiguration section */

/* Begin XCConfigurationList section */
		E5668F8128FC4E2F00DECA54 /* Build configuration list for PBXProject "VIPExample" */ = {
			isa = XCConfigurationList;
			buildConfigurations = (
				E5668FAE28FC4E3100DECA54 /* Debug */,
				E5668FAF28FC4E3100DECA54 /* Release */,
			);
			defaultConfigurationIsVisible = 0;
			defaultConfigurationName = Release;
		};
		E5668FB028FC4E3100DECA54 /* Build configuration list for PBXNativeTarget "VIPExample" */ = {
			isa = XCConfigurationList;
			buildConfigurations = (
				E5668FB128FC4E3100DECA54 /* Debug */,
				E5668FB228FC4E3100DECA54 /* Release */,
			);
			defaultConfigurationIsVisible = 0;
			defaultConfigurationName = Release;
		};
		E5668FB328FC4E3100DECA54 /* Build configuration list for PBXNativeTarget "VIPExampleTests" */ = {
			isa = XCConfigurationList;
			buildConfigurations = (
				E5668FB428FC4E3100DECA54 /* Debug */,
				E5668FB528FC4E3100DECA54 /* Release */,
			);
			defaultConfigurationIsVisible = 0;
			defaultConfigurationName = Release;
		};
/* End XCConfigurationList section */
	};
	rootObject = E5668F7E28FC4E2F00DECA54 /* Project object */;
}
